<Solution>
  <Project Path="Unity.Localization.csproj" />
  <Project Path="Unity.ProBuilder.csproj" />
  <Project Path="Unity.ScriptableBuildPipeline.Editor.csproj" />
  <Project Path="Unity.Mathematics.csproj" />
  <Project Path="Unity.Cinemachine.Editor.csproj" />
  <Project Path="Unity.Collections.csproj" />
  <Project Path="Unity.Addressables.Editor.csproj" />
  <Project Path="Unity.ProBuilder.Poly2Tri.csproj" />
  <Project Path="Unity.Splines.csproj" />
  <Project Path="Unity.PerformanceTesting.Editor.csproj" />
  <Project Path="Unity.Localization.Editor.csproj" />
  <Project Path="Game.csproj" />
  <Project Path="Unity.Burst.csproj" />
  <Project Path="Unity.ProBuilder.Csg.csproj" />
  <Project Path="Unity.VisualStudio.Editor.csproj" />
  <Project Path="Unity.InputSystem.csproj" />
  <Project Path="Unity.Searcher.Editor.csproj" />
  <Project Path="Unity.ProBuilder.Editor.csproj" />
  <Project Path="Unity.ResourceManager.csproj" />
  <Project Path="Unity.Cinemachine.csproj" />
  <Project Path="Unity.Burst.CodeGen.csproj" />
  <Project Path="Unity.Addressables.DocExampleCode.Editor.Tests.csproj" />
  <Project Path="Unity.Postprocessing.Editor.csproj" />
  <Project Path="Unity.Splines.Editor.csproj" />
  <Project Path="Unity.PerformanceTesting.csproj" />
  <Project Path="Unity.InternalAPIEngineBridge.013.csproj" />
  <Project Path="Unity.Burst.Editor.csproj" />
  <Project Path="Unity.AutoGroupGenerator.Editor.csproj" />
  <Project Path="Unity.Postprocessing.Runtime.csproj" />
  <Project Path="Unity.InternalAPIEditorBridge.013.csproj" />
  <Project Path="Assembly-CSharp.csproj" />
  <Project Path="DOTween.Modules.csproj" />
  <Project Path="Unity.ProBuilder.KdTree.csproj" />
  <Project Path="Unity.ProBuilder.AddOns.Editor.csproj" />
  <Project Path="Unity.InputSystem.ForUI.csproj" />
  <Project Path="Unity.Collections.CodeGen.csproj" />
  <Project Path="Unity.Addressables.csproj" />
  <Project Path="Unity.Mathematics.Editor.csproj" />
  <Project Path="Yrr.csproj" />
  <Project Path="Unity.ScriptableBuildPipeline.csproj" />
  <Project Path="Unity.ProBuilder.AssetIdRemapUtility.csproj" />
  <Project Path="ParrelSync.csproj" />
  <Project Path="Unity.Settings.Editor.csproj" />
  <Project Path="Unity.InputSystem.TestFramework.csproj" />
  <Project Path="Unity.Profiling.Core.csproj" />
  <Project Path="Unity.InputSystem.DocCodeSamples.csproj" />
  <Project Path="Unity.ProBuilder.Stl.csproj" />
  <Project Path="sqlite.csproj" />
  <Project Path="Unity.Collections.Editor.csproj" />
</Solution>
